// !$*UTF8*$!
{
	archiveVersion = 1;
	classes = {
	};
	objectVersion = 77;
	objects = {

/* Begin PBXBuildFile section */
		F4771B342E8FC6FB0044EAC3 /* Pulsar in Frameworks */ = {isa = PBXBuildFile; productRef = F4771B332E8FC6FB0044EAC3 /* Pulsar */; };
/* End PBXBuildFile section */

/* Begin PBXContainerItemProxy section */
		F4771B132E8FC6C60044EAC3 /* PBXContainerItemProxy */ = {
			isa = PBXContainerItemProxy;
			containerPortal = F4771AFD2E8FC6C50044EAC3 /* Project object */;
			proxyType = 1;
			remoteGlobalIDString = F4771B042E8FC6C50044EAC3;
			remoteInfo = PulsarApp;
		};
		F4771B1D2E8FC6C60044EAC3 /* PBXContainerItemProxy */ = {
			isa = PBXContainerItemProxy;
			containerPortal = F4771AFD2E8FC6C50044EAC3 /* Project object */;
			proxyType = 1;
			remoteGlobalIDString = F4771B042E8FC6C50044EAC3;
			remoteInfo = PulsarApp;
		};
/* End PBXContainerItemProxy section */

/* Begin PBXFileReference section */
		F4771B052E8FC6C50044EAC3 /* PulsarApp.app */ = {isa = PBXFileReference; explicitFileType = wrapper.application; includeInIndex = 0; path = PulsarApp.app; sourceTree = BUILT_PRODUCTS_DIR; };
		F4771B122E8FC6C60044EAC3 /* PulsarAppTests.xctest */ = {isa = PBXFileReference; explicitFileType = wrapper.cfbundle; includeInIndex = 0; path = PulsarAppTests.xctest; sourceTree = BUILT_PRODUCTS_DIR; };
		F4771B1C2E8FC6C60044EAC3 /* PulsarAppUITests.xctest */ = {isa = PBXFileReference; explicitFileType = wrapper.cfbundle; includeInIndex = 0; path = PulsarAppUITests.xctest; sourceTree = BUILT_PRODUCTS_DIR; };
/* End PBXFileReference section */

/* Begin PBXFileSystemSynchronizedRootGroup section */
		F4771B072E8FC6C50044EAC3 /* PulsarApp */ = {
			isa = PBXFileSystemSynchronizedRootGroup;
			path = PulsarApp;
			sourceTree = "<group>";
		};
		F4771B152E8FC6C60044EAC3 /* PulsarAppTests */ = {
			isa = PBXFileSystemSynchronizedRootGroup;
			path = PulsarAppTests;
			sourceTree = "<group>";
		};
		F4771B1F2E8FC6C60044EAC3 /* PulsarAppUITests */ = {
			isa = PBXFileSystemSynchronizedRootGroup;
			path = PulsarAppUITests;
			sourceTree = "<group>";
		};
/* End PBXFileSystemSynchronizedRootGroup section */

/* Begin PBXFrameworksBuildPhase section */
		F4771B022E8FC6C50044EAC3 /* Frameworks */ = {
			isa = PBXFrameworksBuildPhase;
			buildActionMask = 2147483647;
			files = (
				F4771B342E8FC6FB0044EAC3 /* Pulsar in Frameworks */,
			);
			runOnlyForDeploymentPostprocessing = 0;
		};
		F4771B0F2E8FC6C60044EAC3 /* Frameworks */ = {
			isa = PBXFrameworksBuildPhase;
			buildActionMask = 2147483647;
			files = (
			);
			runOnlyForDeploymentPostprocessing = 0;
		};
		F4771B192E8FC6C60044EAC3 /* Frameworks */ = {
			isa = PBXFrameworksBuildPhase;
			buildActionMask = 2147483647;
			files = (
			);
			runOnlyForDeploymentPostprocessing = 0;
		};
/* End PBXFrameworksBuildPhase section */

/* Begin PBXGroup section */
		F4771AFC2E8FC6C50044EAC3 = {
			isa = PBXGroup;
			children = (
				F4771B072E8FC6C50044EAC3 /* PulsarApp */,
				F4771B152E8FC6C60044EAC3 /* PulsarAppTests */,
				F4771B1F2E8FC6C60044EAC3 /* PulsarAppUITests */,
				F4771B062E8FC6C50044EAC3 /* Products */,
			);
			sourceTree = "<group>";
		};
		F4771B062E8FC6C50044EAC3 /* Products */ = {
			isa = PBXGroup;
			children = (
				F4771B052E8FC6C50044EAC3 /* PulsarApp.app */,
				F4771B122E8FC6C60044EAC3 /* PulsarAppTests.xctest */,
				F4771B1C2E8FC6C60044EAC3 /* PulsarAppUITests.xctest */,
			);
			name = Products;
			sourceTree = "<group>";
		};
/* End PBXGroup section */

/* Begin PBXNativeTarget section */
		F4771B042E8FC6C50044EAC3 /* PulsarApp */ = {
			isa = PBXNativeTarget;
			buildConfigurationList = F4771B262E8FC6C60044EAC3 /* Build configuration list for PBXNativeTarget "PulsarApp" */;
			buildPhases = (
				F4771B012E8FC6C50044EAC3 /* Sources */,
				F4771B022E8FC6C50044EAC3 /* Frameworks */,
				F4771B032E8FC6C50044EAC3 /* Resources */,
			);
			buildRules = (
			);
			dependencies = (
			);
			fileSystemSynchronizedGroups = (
				F4771B072E8FC6C50044EAC3 /* PulsarApp */,
			);
			name = PulsarApp;
			packageProductDependencies = (
				F4771B332E8FC6FB0044EAC3 /* Pulsar */,
			);
			productName = PulsarApp;
			productReference = F4771B052E8FC6C50044EAC3 /* PulsarApp.app */;
			productType = "com.apple.product-type.application";
		};
		F4771B112E8FC6C60044EAC3 /* PulsarAppTests */ = {
			isa = PBXNativeTarget;
			buildConfigurationList = F4771B292E8FC6C60044EAC3 /* Build configuration list for PBXNativeTarget "PulsarAppTests" */;
			buildPhases = (
				F4771B0E2E8FC6C60044EAC3 /* Sources */,
				F4771B0F2E8FC6C60044EAC3 /* Frameworks */,
				F4771B102E8FC6C60044EAC3 /* Resources */,
			);
			buildRules = (
			);
			dependencies = (
				F4771B142E8FC6C60044EAC3 /* PBXTargetDependency */,
			);
			fileSystemSynchronizedGroups = (
				F4771B152E8FC6C60044EAC3 /* PulsarAppTests */,
			);
			name = PulsarAppTests;
			packageProductDependencies = (
			);
			productName = PulsarAppTests;
			productReference = F4771B122E8FC6C60044EAC3 /* PulsarAppTests.xctest */;
			productType = "com.apple.product-type.bundle.unit-test";
		};
		F4771B1B2E8FC6C60044EAC3 /* PulsarAppUITests */ = {
			isa = PBXNativeTarget;
			buildConfigurationList = F4771B2C2E8FC6C60044EAC3 /* Build configuration list for PBXNativeTarget "PulsarAppUITests" */;
			buildPhases = (
				F4771B182E8FC6C60044EAC3 /* Sources */,
				F4771B192E8FC6C60044EAC3 /* Frameworks */,
				F4771B1A2E8FC6C60044EAC3 /* Resources */,
			);
			buildRules = (
			);
			dependencies = (
				F4771B1E2E8FC6C60044EAC3 /* PBXTargetDependency */,
			);
			fileSystemSynchronizedGroups = (
				F4771B1F2E8FC6C60044EAC3 /* PulsarAppUITests */,
			);
			name = PulsarAppUITests;
			packageProductDependencies = (
			);
			productName = PulsarAppUITests;
			productReference = F4771B1C2E8FC6C60044EAC3 /* PulsarAppUITests.xctest */;
			productType = "com.apple.product-type.bundle.ui-testing";
		};
/* End PBXNativeTarget section */

/* Begin PBXProject section */
		F4771AFD2E8FC6C50044EAC3 /* Project object */ = {
			isa = PBXProject;
			attributes = {
				BuildIndependentTargetsInParallel = 1;
				LastSwiftUpdateCheck = 1640;
				LastUpgradeCheck = 1640;
				TargetAttributes = {
					F4771B042E8FC6C50044EAC3 = {
						CreatedOnToolsVersion = 16.4;
					};
					F4771B112E8FC6C60044EAC3 = {
						CreatedOnToolsVersion = 16.4;
						TestTargetID = F4771B042E8FC6C50044EAC3;
					};
					F4771B1B2E8FC6C60044EAC3 = {
						CreatedOnToolsVersion = 16.4;
						TestTargetID = F4771B042E8FC6C50044EAC3;
					};
				};
			};
			buildConfigurationList = F4771B002E8FC6C50044EAC3 /* Build configuration list for PBXProject "PulsarApp" */;
			developmentRegion = en;
			hasScannedForEncodings = 0;
			knownRegions = (
				en,
				Base,
			);
			mainGroup = F4771AFC2E8FC6C50044EAC3;
			minimizedProjectReferenceProxies = 1;
			packageReferences = (
				F4771B322E8FC6FB0044EAC3 /* XCLocalSwiftPackageReference "../Pulsar" */,
			);
			preferredProjectObjectVersion = 77;
			productRefGroup = F4771B062E8FC6C50044EAC3 /* Products */;
			projectDirPath = "";
			projectRoot = "";
			targets = (
				F4771B042E8FC6C50044EAC3 /* PulsarApp */,
				F4771B112E8FC6C60044EAC3 /* PulsarAppTests */,
				F4771B1B2E8FC6C60044EAC3 /* PulsarAppUITests */,
			);
		};
/* End PBXProject section */

/* Begin PBXResourcesBuildPhase section */
		F4771B032E8FC6C50044EAC3 /* Resources */ = {
			isa = PBXResourcesBuildPhase;
			buildActionMask = 2147483647;
			files = (
			);
			runOnlyForDeploymentPostprocessing = 0;
		};
		F4771B102E8FC6C60044EAC3 /* Resources */ = {
			isa = PBXResourcesBuildPhase;
			buildActionMask = 2147483647;
			files = (
			);
			runOnlyForDeploymentPostprocessing = 0;
		};
		F4771B1A2E8FC6C60044EAC3 /* Resources */ = {
			isa = PBXResourcesBuildPhase;
			buildActionMask = 2147483647;
			files = (
			);
			runOnlyForDeploymentPostprocessing = 0;
		};
/* End PBXResourcesBuildPhase section */

/* Begin PBXSourcesBuildPhase section */
		F4771B012E8FC6C50044EAC3 /* Sources */ = {
			isa = PBXSourcesBuildPhase;
			buildActionMask = 2147483647;
			files = (
			);
			runOnlyForDeploymentPostprocessing = 0;
		};
		F4771B0E2E8FC6C60044EAC3 /* Sources */ = {
			isa = PBXSourcesBuildPhase;
			buildActionMask = 2147483647;
			files = (
			);
			runOnlyForDeploymentPostprocessing = 0;
		};
		F4771B182E8FC6C60044EAC3 /* Sources */ = {
			isa = PBXSourcesBuildPhase;
			buildActionMask = 2147483647;
			files = (
			);
			runOnlyForDeploymentPostprocessing = 0;
		};
/* End PBXSourcesBuildPhase section */

/* Begin PBXTargetDependency section */
		F4771B142E8FC6C60044EAC3 /* PBXTargetDependency */ = {
			isa = PBXTargetDependency;
			target = F4771B042E8FC6C50044EAC3 /* PulsarApp */;
			targetProxy = F4771B132E8FC6C60044EAC3 /* PBXContainerItemProxy */;
		};
		F4771B1E2E8FC6C60044EAC3 /* PBXTargetDependency */ = {
			isa = PBXTargetDependency;
			target = F4771B042E8FC6C50044EAC3 /* PulsarApp */;
			targetProxy = F4771B1D2E8FC6C60044EAC3 /* PBXContainerItemProxy */;
		};
/* End PBXTargetDependency section */

/* Begin XCBuildConfiguration section */
		F4771B242E8FC6C60044EAC3 /* Debug */ = {
			isa = XCBuildConfiguration;
			buildSettings = {
				ALWAYS_SEARCH_USER_PATHS = NO;
				ASSETCATALOG_COMPILER_GENERATE_SWIFT_ASSET_SYMBOL_EXTENSIONS = YES;
				CLANG_ANALYZER_NONNULL = YES;
				CLANG_ANALYZER_NUMBER_OBJECT_CONVERSION = YES_AGGRESSIVE;
				CLANG_CXX_LANGUAGE_STANDARD = "gnu++20";
				CLANG_ENABLE_MODULES = YES;
				CLANG_ENABLE_OBJC_ARC = YES;
				CLANG_ENABLE_OBJC_WEAK = YES;
				CLANG_WARN_BLOCK_CAPTURE_AUTORELEASING = YES;
				CLANG_WARN_BOOL_CONVERSION = YES;
				CLANG_WARN_COMMA = YES;
				CLANG_WARN_CONSTANT_CONVERSION = YES;
				CLANG_WARN_DEPRECATED_OBJC_IMPLEMENTATIONS = YES;
				CLANG_WARN_DIRECT_OBJC_ISA_USAGE = YES_ERROR;
				CLANG_WARN_DOCUMENTATION_COMMENTS = YES;
				CLANG_WARN_EMPTY_BODY = YES;
				CLANG_WARN_ENUM_CONVERSION = YES;
				CLANG_WARN_INFINITE_RECURSION = YES;
				CLANG_WARN_INT_CONVERSION = YES;
				CLANG_WARN_NON_LITERAL_NULL_CONVERSION = YES;
				CLANG_WARN_OBJC_IMPLICIT_RETAIN_SELF = YES;
				CLANG_WARN_OBJC_LITERAL_CONVERSION = YES;
				CLANG_WARN_OBJC_ROOT_CLASS = YES_ERROR;
				CLANG_WARN_QUOTED_INCLUDE_IN_FRAMEWORK_HEADER = YES;
				CLANG_WARN_RANGE_LOOP_ANALYSIS = YES;
				CLANG_WARN_STRICT_PROTOTYPES = YES;
				CLANG_WARN_SUSPICIOUS_MOVE = YES;
				CLANG_WARN_UNGUARDED_AVAILABILITY = YES_AGGRESSIVE;
				CLANG_WARN_UNREACHABLE_CODE = YES;
				CLANG_WARN__DUPLICATE_METHOD_MATCH = YES;
				COPY_PHASE_STRIP = NO;
				DEBUG_INFORMATION_FORMAT = dwarf;
				DEVELOPMENT_TEAM = H623Z5ALYX;
				ENABLE_STRICT_OBJC_MSGSEND = YES;
				ENABLE_TESTABILITY = YES;
				ENABLE_USER_SCRIPT_SANDBOXING = YES;
				GCC_C_LANGUAGE_STANDARD = gnu17;
				GCC_DYNAMIC_NO_PIC = NO;
				GCC_NO_COMMON_BLOCKS = YES;
				GCC_OPTIMIZATION_LEVEL = 0;
				GCC_PREPROCESSOR_DEFINITIONS = (
					"DEBUG=1",
					"$(inherited)",
				);
				GCC_WARN_64_TO_32_BIT_CONVERSION = YES;
				GCC_WARN_ABOUT_RETURN_TYPE = YES_ERROR;
				GCC_WARN_UNDECLARED_SELECTOR = YES;
				GCC_WARN_UNINITIALIZED_AUTOS = YES_AGGRESSIVE;
				GCC_WARN_UNUSED_FUNCTION = YES;
				GCC_WARN_UNUSED_VARIABLE = YES;
				IPHONEOS_DEPLOYMENT_TARGET = 18.5;
				LOCALIZATION_PREFERS_STRING_CATALOGS = YES;
				MTL_ENABLE_DEBUG_INFO = INCLUDE_SOURCE;
				MTL_FAST_MATH = YES;
				ONLY_ACTIVE_ARCH = YES;
				SDKROOT = iphoneos;
				SWIFT_ACTIVE_COMPILATION_CONDITIONS = "DEBUG $(inherited)";
				SWIFT_OPTIMIZATION_LEVEL = "-Onone";
			};
			name = Debug;
		};
		F4771B252E8FC6C60044EAC3 /* Release */ = {
			isa = XCBuildConfiguration;
			buildSettings = {
				ALWAYS_SEARCH_USER_PATHS = NO;
				ASSETCATALOG_COMPILER_GENERATE_SWIFT_ASSET_SYMBOL_EXTENSIONS = YES;
				CLANG_ANALYZER_NONNULL = YES;
				CLANG_ANALYZER_NUMBER_OBJECT_CONVERSION = YES_AGGRESSIVE;
				CLANG_CXX_LANGUAGE_STANDARD = "gnu++20";
				CLANG_ENABLE_MODULES = YES;
				CLANG_ENABLE_OBJC_ARC = YES;
				CLANG_ENABLE_OBJC_WEAK = YES;
				CLANG_WARN_BLOCK_CAPTURE_AUTORELEASING = YES;
				CLANG_WARN_BOOL_CONVERSION = YES;
				CLANG_WARN_COMMA = YES;
				CLANG_WARN_CONSTANT_CONVERSION = YES;
				CLANG_WARN_DEPRECATED_OBJC_IMPLEMENTATIONS = YES;
				CLANG_WARN_DIRECT_OBJC_ISA_USAGE = YES_ERROR;
				CLANG_WARN_DOCUMENTATION_COMMENTS = YES;
				CLANG_WARN_EMPTY_BODY = YES;
				CLANG_WARN_ENUM_CONVERSION = YES;
				CLANG_WARN_INFINITE_RECURSION = YES;
				CLANG_WARN_INT_CONVERSION = YES;
				CLANG_WARN_NON_LITERAL_NULL_CONVERSION = YES;
				CLANG_WARN_OBJC_IMPLICIT_RETAIN_SELF = YES;
				CLANG_WARN_OBJC_LITERAL_CONVERSION = YES;
				CLANG_WARN_OBJC_ROOT_CLASS = YES_ERROR;
				CLANG_WARN_QUOTED_INCLUDE_IN_FRAMEWORK_HEADER = YES;
				CLANG_WARN_RANGE_LOOP_ANALYSIS = YES;
				CLANG_WARN_STRICT_PROTOTYPES = YES;
				CLANG_WARN_SUSPICIOUS_MOVE = YES;
				CLANG_WARN_UNGUARDED_AVAILABILITY = YES_AGGRESSIVE;
				CLANG_WARN_UNREACHABLE_CODE = YES;
				CLANG_WARN__DUPLICATE_METHOD_MATCH = YES;
				COPY_PHASE_STRIP = NO;
				DEBUG_INFORMATION_FORMAT = "dwarf-with-dsym";
				DEVELOPMENT_TEAM = H623Z5ALYX;
				ENABLE_NS_ASSERTIONS = NO;
				ENABLE_STRICT_OBJC_MSGSEND = YES;
				ENABLE_USER_SCRIPT_SANDBOXING = YES;
				GCC_C_LANGUAGE_STANDARD = gnu17;
				GCC_NO_COMMON_BLOCKS = YES;
				GCC_WARN_64_TO_32_BIT_CONVERSION = YES;
				GCC_WARN_ABOUT_RETURN_TYPE = YES_ERROR;
				GCC_WARN_UNDECLARED_SELECTOR = YES;
				GCC_WARN_UNINITIALIZED_AUTOS = YES_AGGRESSIVE;
				GCC_WARN_UNUSED_FUNCTION = YES;
				GCC_WARN_UNUSED_VARIABLE = YES;
				IPHONEOS_DEPLOYMENT_TARGET = 18.5;
				LOCALIZATION_PREFERS_STRING_CATALOGS = YES;
				MTL_ENABLE_DEBUG_INFO = NO;
				MTL_FAST_MATH = YES;
				SDKROOT = iphoneos;
				SWIFT_COMPILATION_MODE = wholemodule;
				VALIDATE_PRODUCT = YES;
			};
			name = Release;
		};
		F4771B272E8FC6C60044EAC3 /* Debug */ = {
			isa = XCBuildConfiguration;
			buildSettings = {
				ASSETCATALOG_COMPILER_APPICON_NAME = AppIcon;
				ASSETCATALOG_COMPILER_GLOBAL_ACCENT_COLOR_NAME = AccentColor;
				CODE_SIGN_STYLE = Automatic;
				CURRENT_PROJECT_VERSION = 1;
				DEVELOPMENT_TEAM = H623Z5ALYX;
				ENABLE_PREVIEWS = YES;
				GENERATE_INFOPLIST_FILE = YES;
				INFOPLIST_KEY_UIApplicationSceneManifest_Generation = YES;
				INFOPLIST_KEY_UIApplicationSupportsIndirectInputEvents = YES;
				INFOPLIST_KEY_UILaunchScreen_Generation = YES;
				INFOPLIST_KEY_UISupportedInterfaceOrientations_iPad = "UIInterfaceOrientationPortrait UIInterfaceOrientationPortraitUpsideDown UIInterfaceOrientationLandscapeLeft UIInterfaceOrientationLandscapeRight";
				INFOPLIST_KEY_UISupportedInterfaceOrientations_iPhone = "UIInterfaceOrientationPortrait UIInterfaceOrientationLandscapeLeft UIInterfaceOrientationLandscapeRight";
				LD_RUNPATH_SEARCH_PATHS = (
					"$(inherited)",
					"@executable_path/Frameworks",
				);
				MARKETING_VERSION = 1.0;
				PRODUCT_BUNDLE_IDENTIFIER = com.swmansion.PulsarApp;
				PRODUCT_NAME = "$(TARGET_NAME)";
				SWIFT_EMIT_LOC_STRINGS = YES;
				SWIFT_VERSION = 5.0;
				TARGETED_DEVICE_FAMILY = "1,2";
			};
			name = Debug;
		};
		F4771B282E8FC6C60044EAC3 /* Release */ = {
			isa = XCBuildConfiguration;
			buildSettings = {
				ASSETCATALOG_COMPILER_APPICON_NAME = AppIcon;
				ASSETCATALOG_COMPILER_GLOBAL_ACCENT_COLOR_NAME = AccentColor;
				CODE_SIGN_STYLE = Automatic;
				CURRENT_PROJECT_VERSION = 1;
				DEVELOPMENT_TEAM = H623Z5ALYX;
				ENABLE_PREVIEWS = YES;
				GENERATE_INFOPLIST_FILE = YES;
				INFOPLIST_KEY_UIApplicationSceneManifest_Generation = YES;
				INFOPLIST_KEY_UIApplicationSupportsIndirectInputEvents = YES;
				INFOPLIST_KEY_UILaunchScreen_Generation = YES;
				INFOPLIST_KEY_UISupportedInterfaceOrientations_iPad = "UIInterfaceOrientationPortrait UIInterfaceOrientationPortraitUpsideDown UIInterfaceOrientationLandscapeLeft UIInterfaceOrientationLandscapeRight";
				INFOPLIST_KEY_UISupportedInterfaceOrientations_iPhone = "UIInterfaceOrientationPortrait UIInterfaceOrientationLandscapeLeft UIInterfaceOrientationLandscapeRight";
				LD_RUNPATH_SEARCH_PATHS = (
					"$(inherited)",
					"@executable_path/Frameworks",
				);
				MARKETING_VERSION = 1.0;
				PRODUCT_BUNDLE_IDENTIFIER = com.swmansion.PulsarApp;
				PRODUCT_NAME = "$(TARGET_NAME)";
				SWIFT_EMIT_LOC_STRINGS = YES;
				SWIFT_VERSION = 5.0;
				TARGETED_DEVICE_FAMILY = "1,2";
			};
			name = Release;
		};
		F4771B2A2E8FC6C60044EAC3 /* Debug */ = {
			isa = XCBuildConfiguration;
			buildSettings = {
				BUNDLE_LOADER = "$(TEST_HOST)";
				CODE_SIGN_STYLE = Automatic;
				CURRENT_PROJECT_VERSION = 1;
				DEVELOPMENT_TEAM = H623Z5ALYX;
				GENERATE_INFOPLIST_FILE = YES;
				IPHONEOS_DEPLOYMENT_TARGET = 18.5;
				MARKETING_VERSION = 1.0;
				PRODUCT_BUNDLE_IDENTIFIER = com.swmansion.PulsarAppTests;
				PRODUCT_NAME = "$(TARGET_NAME)";
				SWIFT_EMIT_LOC_STRINGS = NO;
				SWIFT_VERSION = 5.0;
				TARGETED_DEVICE_FAMILY = "1,2";
				TEST_HOST = "$(BUILT_PRODUCTS_DIR)/PulsarApp.app/$(BUNDLE_EXECUTABLE_FOLDER_PATH)/PulsarApp";
			};
			name = Debug;
		};
		F4771B2B2E8FC6C60044EAC3 /* Release */ = {
			isa = XCBuildConfiguration;
			buildSettings = {
				BUNDLE_LOADER = "$(TEST_HOST)";
				CODE_SIGN_STYLE = Automatic;
				CURRENT_PROJECT_VERSION = 1;
				DEVELOPMENT_TEAM = H623Z5ALYX;
				GENERATE_INFOPLIST_FILE = YES;
				IPHONEOS_DEPLOYMENT_TARGET = 18.5;
				MARKETING_VERSION = 1.0;
				PRODUCT_BUNDLE_IDENTIFIER = com.swmansion.PulsarAppTests;
				PRODUCT_NAME = "$(TARGET_NAME)";
				SWIFT_EMIT_LOC_STRINGS = NO;
				SWIFT_VERSION = 5.0;
				TARGETED_DEVICE_FAMILY = "1,2";
				TEST_HOST = "$(BUILT_PRODUCTS_DIR)/PulsarApp.app/$(BUNDLE_EXECUTABLE_FOLDER_PATH)/PulsarApp";
			};
			name = Release;
		};
		F4771B2D2E8FC6C60044EAC3 /* Debug */ = {
			isa = XCBuildConfiguration;
			buildSettings = {
				CODE_SIGN_STYLE = Automatic;
				CURRENT_PROJECT_VERSION = 1;
				DEVELOPMENT_TEAM = H623Z5ALYX;
				GENERATE_INFOPLIST_FILE = YES;
				MARKETING_VERSION = 1.0;
				PRODUCT_BUNDLE_IDENTIFIER = com.swmansion.PulsarAppUITests;
				PRODUCT_NAME = "$(TARGET_NAME)";
				SWIFT_EMIT_LOC_STRINGS = NO;
				SWIFT_VERSION = 5.0;
				TARGETED_DEVICE_FAMILY = "1,2";
				TEST_TARGET_NAME = PulsarApp;
			};
			name = Debug;
		};
		F4771B2E2E8FC6C60044EAC3 /* Release */ = {
			isa = XCBuildConfiguration;
			buildSettings = {
				CODE_SIGN_STYLE = Automatic;
				CURRENT_PROJECT_VERSION = 1;
				DEVELOPMENT_TEAM = H623Z5ALYX;
				GENERATE_INFOPLIST_FILE = YES;
				MARKETING_VERSION = 1.0;
				PRODUCT_BUNDLE_IDENTIFIER = com.swmansion.PulsarAppUITests;
				PRODUCT_NAME = "$(TARGET_NAME)";
				SWIFT_EMIT_LOC_STRINGS = NO;
				SWIFT_VERSION = 5.0;
				TARGETED_DEVICE_FAMILY = "1,2";
				TEST_TARGET_NAME = PulsarApp;
			};
			name = Release;
		};
/* End XCBuildConfiguration section */

/* Begin XCConfigurationList section */
		F4771B002E8FC6C50044EAC3 /* Build configuration list for PBXProject "PulsarApp" */ = {
			isa = XCConfigurationList;
			buildConfigurations = (
				F4771B242E8FC6C60044EAC3 /* Debug */,
				F4771B252E8FC6C60044EAC3 /* Release */,
			);
			defaultConfigurationIsVisible = 0;
			defaultConfigurationName = Release;
		};
		F4771B262E8FC6C60044EAC3 /* Build configuration list for PBXNativeTarget "PulsarApp" */ = {
			isa = XCConfigurationList;
			buildConfigurations = (
				F4771B272E8FC6C60044EAC3 /* Debug */,
				F4771B282E8FC6C60044EAC3 /* Release */,
			);
			defaultConfigurationIsVisible = 0;
			defaultConfigurationName = Release;
		};
		F4771B292E8FC6C60044EAC3 /* Build configuration list for PBXNativeTarget "PulsarAppTests" */ = {
			isa = XCConfigurationList;
			buildConfigurations = (
				F4771B2A2E8FC6C60044EAC3 /* Debug */,
				F4771B2B2E8FC6C60044EAC3 /* Release */,
			);
			defaultConfigurationIsVisible = 0;
			defaultConfigurationName = Release;
		};
		F4771B2C2E8FC6C60044EAC3 /* Build configuration list for PBXNativeTarget "PulsarAppUITests" */ = {
			isa = XCConfigurationList;
			buildConfigurations = (
				F4771B2D2E8FC6C60044EAC3 /* Debug */,
				F4771B2E2E8FC6C60044EAC3 /* Release */,
			);
			defaultConfigurationIsVisible = 0;
			defaultConfigurationName = Release;
		};
/* End XCConfigurationList section */

/* Begin XCLocalSwiftPackageReference section */
		F4771B322E8FC6FB0044EAC3 /* XCLocalSwiftPackageReference "../Pulsar" */ = {
			isa = XCLocalSwiftPackageReference;
			relativePath = ../Pulsar;
		};
/* End XCLocalSwiftPackageReference section */

/* Begin XCSwiftPackageProductDependency section */
		F4771B332E8FC6FB0044EAC3 /* Pulsar */ = {
			isa = XCSwiftPackageProductDependency;
			productName = Pulsar;
		};
/* End XCSwiftPackageProductDependency section */
	};
	rootObject = F4771AFD2E8FC6C50044EAC3 /* Project object */;
}
